
Microsoft Visual Studio Solution File, Format Version 12.00
# Visual Studio Version 17
VisualStudioVersion = 17.1.32210.238
MinimumVisualStudioVersion = 10.0.40219.1
Project("{9A19103F-16F7-4668-BE54-9A1E7A4F7556}") = "Example.API", "src\Example.API\Example.API.csproj", "{D100A491-AD18-4A39-A13E-A6A22415AD46}"
EndProject
Project("{2150E333-8FDC-42A3-9474-1A3956D46DE8}") = "Solution Items", "Solution Items", "{37AE9FDF-2931-41AA-882F-70D1AB862D04}"
	ProjectSection(SolutionItems) = preProject
		.editorconfig = .editorconfig
	EndProjectSection
EndProject
Project("{E53339B2-1760-4266-BCC7-CA923CBCF16C}") = "docker-compose", "docker-compose.dcproj", "{0C91101F-5BEF-4B8A-A0BD-B1C965F66020}"
EndProject
Project("{E24C65DC-7377-472B-9ABA-BC803B73C61A}") = "Example.Angular", "src\Example.Angular\", "{4B8EEE8B-4887-4E19-8463-AAD40C6F52D6}"
	ProjectSection(WebsiteProperties) = preProject
		TargetFrameworkMoniker = ".NETFramework,Version%3Dv4.0"
		Debug.AspNetCompiler.VirtualPath = "/localhost_60954"
		Debug.AspNetCompiler.PhysicalPath = "src\Example.Angular\"
		Debug.AspNetCompiler.TargetPath = "PrecompiledWeb\localhost_60954\"
		Debug.AspNetCompiler.Updateable = "true"
		Debug.AspNetCompiler.ForceOverwrite = "true"
		Debug.AspNetCompiler.FixedNames = "false"
		Debug.AspNetCompiler.Debug = "True"
		Release.AspNetCompiler.VirtualPath = "/localhost_60954"
		Release.AspNetCompiler.PhysicalPath = "src\Example.Angular\"
		Release.AspNetCompiler.TargetPath = "PrecompiledWeb\localhost_60954\"
		Release.AspNetCompiler.Updateable = "true"
		Release.AspNetCompiler.ForceOverwrite = "true"
		Release.AspNetCompiler.FixedNames = "false"
		Release.AspNetCompiler.Debug = "False"
		VWDPort = "60954"
	EndProjectSection
EndProject
Global
	GlobalSection(SolutionConfigurationPlatforms) = preSolution
		Debug|Any CPU = Debug|Any CPU
		Release|Any CPU = Release|Any CPU
	EndGlobalSection
	GlobalSection(ProjectConfigurationPlatforms) = postSolution
		{D100A491-AD18-4A39-A13E-A6A22415AD46}.Debug|Any CPU.ActiveCfg = Debug|Any CPU
		{D100A491-AD18-4A39-A13E-A6A22415AD46}.Debug|Any CPU.Build.0 = Debug|Any CPU
		{D100A491-AD18-4A39-A13E-A6A22415AD46}.Release|Any CPU.ActiveCfg = Release|Any CPU
		{D100A491-AD18-4A39-A13E-A6A22415AD46}.Release|Any CPU.Build.0 = Release|Any CPU
		{0C91101F-5BEF-4B8A-A0BD-B1C965F66020}.Debug|Any CPU.ActiveCfg = Debug|Any CPU
		{0C91101F-5BEF-4B8A-A0BD-B1C965F66020}.Debug|Any CPU.Build.0 = Debug|Any CPU
		{0C91101F-5BEF-4B8A-A0BD-B1C965F66020}.Release|Any CPU.ActiveCfg = Release|Any CPU
		{0C91101F-5BEF-4B8A-A0BD-B1C965F66020}.Release|Any CPU.Build.0 = Release|Any CPU
		{4B8EEE8B-4887-4E19-8463-AAD40C6F52D6}.Debug|Any CPU.ActiveCfg = Debug|Any CPU
		{4B8EEE8B-4887-4E19-8463-AAD40C6F52D6}.Debug|Any CPU.Build.0 = Debug|Any CPU
		{4B8EEE8B-4887-4E19-8463-AAD40C6F52D6}.Release|Any CPU.ActiveCfg = Debug|Any CPU
		{4B8EEE8B-4887-4E19-8463-AAD40C6F52D6}.Release|Any CPU.Build.0 = Debug|Any CPU
	EndGlobalSection
	GlobalSection(SolutionProperties) = preSolution
		HideSolutionNode = FALSE
	EndGlobalSection
	GlobalSection(ExtensibilityGlobals) = postSolution
		SolutionGuid = {6E330AD2-6613-4702-AE9A-823EF2AA30D1}
	EndGlobalSection
EndGlobal
